
Microsoft Visual Studio Solution File, Format Version 12.00
# Visual Studio Version 17
VisualStudioVersion = 17.4.33122.133
MinimumVisualStudioVersion = 10.0.40219.1
Project("{FAE04EC0-301F-11D3-BF4B-00C04F79EFBC}") = "CustomMediaPlayerUltimate", "CustomMediaPlayerUltimate\CustomMediaPlayerUltimate.csproj", "{A80FC405-58ED-4187-85FC-D7137378627C}"
EndProject
Global
	GlobalSection(SolutionConfigurationPlatforms) = preSolution
		Debug|Any CPU = Debug|Any CPU
		Release|Any CPU = Release|Any CPU
	EndGlobalSection
	GlobalSection(ProjectConfigurationPlatforms) = postSolution
		{A80FC405-58ED-4187-85FC-D7137378627C}.Debug|Any CPU.ActiveCfg = Debug|Any CPU
		{A80FC405-58ED-4187-85FC-D7137378627C}.Debug|Any CPU.Build.0 = Debug|Any CPU
		{A80FC405-58ED-4187-85FC-D7137378627C}.Release|Any CPU.ActiveCfg = Release|Any CPU
		{A80FC405-58ED-4187-85FC-D7137378627C}.Release|Any CPU.Build.0 = Release|Any CPU
	EndGlobalSection
	GlobalSection(SolutionProperties) = preSolution
		HideSolutionNode = FALSE
	EndGlobalSection
	GlobalSection(ExtensibilityGlobals) = postSolution
		SolutionGuid = {7AAB37BB-EC85-42B7-AFB2-9AAD73B6690F}
	EndGlobalSection
EndGlobal
